
Microsoft Visual Studio Solution File, Format Version 12.00
# Visual Studio Version 17
VisualStudioVersion = 17.4.33213.308
MinimumVisualStudioVersion = 10.0.40219.1
Project("{9A19103F-16F7-4668-BE54-9A1E7A4F7556}") = "Lab_Fibonacci_2", "Lab_Fibonacci_2\Lab_Fibonacci_2.csproj", "{1476B208-9E4C-4733-86CA-DC329A1CE8C1}"
EndProject
Project("{9A19103F-16F7-4668-BE54-9A1E7A4F7556}") = "Lab_Fibonacci_WithStaticClass_2", "Lab_Fibonacci_WithStaticClass_2\Lab_Fibonacci_WithStaticClass_2.csproj", "{3342322E-2609-455D-91D6-DDA154EB314A}"
EndProject
Project("{FAE04EC0-301F-11D3-BF4B-00C04F79EFBC}") = "DZ_Fibonacci_WithService_3", "DZ_Fibonacci_WithService_3\DZ_Fibonacci_WithService_3.csproj", "{F4FA00A7-0565-428E-BC7A-8B285E05DA31}"
EndProject
Project("{FAE04EC0-301F-11D3-BF4B-00C04F79EFBC}") = "DZ_Fibonacci_WithService_WithStaticClass_3", "DZ_Fibonacci_WithService_WithStaticClass_3\DZ_Fibonacci_WithService_WithStaticClass_3.csproj", "{A7BB4744-100A-4F16-AEE1-FB7055590BA5}"
EndProject
Global
	GlobalSection(SolutionConfigurationPlatforms) = preSolution
		Debug|Any CPU = Debug|Any CPU
		Release|Any CPU = Release|Any CPU
	EndGlobalSection
	GlobalSection(ProjectConfigurationPlatforms) = postSolution
		{1476B208-9E4C-4733-86CA-DC329A1CE8C1}.Debug|Any CPU.ActiveCfg = Debug|Any CPU
		{1476B208-9E4C-4733-86CA-DC329A1CE8C1}.Debug|Any CPU.Build.0 = Debug|Any CPU
		{1476B208-9E4C-4733-86CA-DC329A1CE8C1}.Release|Any CPU.ActiveCfg = Release|Any CPU
		{1476B208-9E4C-4733-86CA-DC329A1CE8C1}.Release|Any CPU.Build.0 = Release|Any CPU
		{3342322E-2609-455D-91D6-DDA154EB314A}.Debug|Any CPU.ActiveCfg = Debug|Any CPU
		{3342322E-2609-455D-91D6-DDA154EB314A}.Debug|Any CPU.Build.0 = Debug|Any CPU
		{3342322E-2609-455D-91D6-DDA154EB314A}.Release|Any CPU.ActiveCfg = Release|Any CPU
		{3342322E-2609-455D-91D6-DDA154EB314A}.Release|Any CPU.Build.0 = Release|Any CPU
		{F4FA00A7-0565-428E-BC7A-8B285E05DA31}.Debug|Any CPU.ActiveCfg = Debug|Any CPU
		{F4FA00A7-0565-428E-BC7A-8B285E05DA31}.Debug|Any CPU.Build.0 = Debug|Any CPU
		{F4FA00A7-0565-428E-BC7A-8B285E05DA31}.Release|Any CPU.ActiveCfg = Release|Any CPU
		{F4FA00A7-0565-428E-BC7A-8B285E05DA31}.Release|Any CPU.Build.0 = Release|Any CPU
		{A7BB4744-100A-4F16-AEE1-FB7055590BA5}.Debug|Any CPU.ActiveCfg = Debug|Any CPU
		{A7BB4744-100A-4F16-AEE1-FB7055590BA5}.Debug|Any CPU.Build.0 = Debug|Any CPU
		{A7BB4744-100A-4F16-AEE1-FB7055590BA5}.Release|Any CPU.ActiveCfg = Release|Any CPU
		{A7BB4744-100A-4F16-AEE1-FB7055590BA5}.Release|Any CPU.Build.0 = Release|Any CPU
	EndGlobalSection
	GlobalSection(SolutionProperties) = preSolution
		HideSolutionNode = FALSE
	EndGlobalSection
	GlobalSection(ExtensibilityGlobals) = postSolution
		SolutionGuid = {1E396141-C098-4C6C-BBB6-D845B1179C6A}
	EndGlobalSection
EndGlobal
